
Microsoft Visual Studio Solution File, Format Version 12.00
Project("{FAE04EC0-301F-11D3-BF4B-00C04F79EFBC}") = "Reservroom", "Reservroom\Reservroom.csproj", "{FFE1E776-F965-4B18-BA66-BFC86F88C2C6}"
EndProject
Global
	GlobalSection(SolutionConfigurationPlatforms) = preSolution
		Debug|Any CPU = Debug|Any CPU
		Release|Any CPU = Release|Any CPU
	EndGlobalSection
	GlobalSection(ProjectConfigurationPlatforms) = postSolution
		{FFE1E776-F965-4B18-BA66-BFC86F88C2C6}.Debug|Any CPU.ActiveCfg = Debug|Any CPU
		{FFE1E776-F965-4B18-BA66-BFC86F88C2C6}.Debug|Any CPU.Build.0 = Debug|Any CPU
		{FFE1E776-F965-4B18-BA66-BFC86F88C2C6}.Release|Any CPU.ActiveCfg = Release|Any CPU
		{FFE1E776-F965-4B18-BA66-BFC86F88C2C6}.Release|Any CPU.Build.0 = Release|Any CPU
	EndGlobalSection
EndGlobal
